// !$*UTF8*$!
{
	archiveVersion = 1;
	classes = {
	};
	objectVersion = 56;
	objects = {

/* Begin PBXBuildFile section */
		BE549B6729DD7C3A0036CEAA /* AppDelegate.swift in Sources */ = {isa = PBXBuildFile; fileRef = BE549B6629DD7C3A0036CEAA /* AppDelegate.swift */; };
		BE549B6929DD7C3A0036CEAA /* SceneDelegate.swift in Sources */ = {isa = PBXBuildFile; fileRef = BE549B6829DD7C3A0036CEAA /* SceneDelegate.swift */; };
		BE549B6B29DD7C3A0036CEAA /* HomeViewController.swift in Sources */ = {isa = PBXBuildFile; fileRef = BE549B6A29DD7C3A0036CEAA /* HomeViewController.swift */; };
		BE549B7029DD7C3D0036CEAA /* Assets.xcassets in Resources */ = {isa = PBXBuildFile; fileRef = BE549B6F29DD7C3D0036CEAA /* Assets.xcassets */; };
		BE549B7329DD7C3D0036CEAA /* LaunchScreen.storyboard in Resources */ = {isa = PBXBuildFile; fileRef = BE549B7129DD7C3D0036CEAA /* LaunchScreen.storyboard */; };
		BE549B8329DD7FEF0036CEAA /* TabBarViewController.swift in Sources */ = {isa = PBXBuildFile; fileRef = BE549B8229DD7FEF0036CEAA /* TabBarViewController.swift */; };
		BE549B8529DD80190036CEAA /* SearchViewController.swift in Sources */ = {isa = PBXBuildFile; fileRef = BE549B8429DD80190036CEAA /* SearchViewController.swift */; };
		BE549B8729DD80490036CEAA /* LibraryViewController.swift in Sources */ = {isa = PBXBuildFile; fileRef = BE549B8629DD80490036CEAA /* LibraryViewController.swift */; };
		BE549B8C29DD80DF0036CEAA /* WelcomeViewController.swift in Sources */ = {isa = PBXBuildFile; fileRef = BE549B8B29DD80DF0036CEAA /* WelcomeViewController.swift */; };
		BE549B8E29DD81380036CEAA /* AuthViewController.swift in Sources */ = {isa = PBXBuildFile; fileRef = BE549B8D29DD81380036CEAA /* AuthViewController.swift */; };
		BE549B9029DD814E0036CEAA /* SettingsViewController.swift in Sources */ = {isa = PBXBuildFile; fileRef = BE549B8F29DD814E0036CEAA /* SettingsViewController.swift */; };
		BE549B9229DD817A0036CEAA /* ProfileViewController.swift in Sources */ = {isa = PBXBuildFile; fileRef = BE549B9129DD817A0036CEAA /* ProfileViewController.swift */; };
		BE549B9429DD81940036CEAA /* PlayerViewController.swift in Sources */ = {isa = PBXBuildFile; fileRef = BE549B9329DD81940036CEAA /* PlayerViewController.swift */; };
		BE549B9629DD81AD0036CEAA /* PlaylistViewController.swift in Sources */ = {isa = PBXBuildFile; fileRef = BE549B9529DD81AD0036CEAA /* PlaylistViewController.swift */; };
		BE549B9829DD81CC0036CEAA /* SearchResultsViewController.swift in Sources */ = {isa = PBXBuildFile; fileRef = BE549B9729DD81CC0036CEAA /* SearchResultsViewController.swift */; };
		BE549B9A29DD827A0036CEAA /* AuthManager.swift in Sources */ = {isa = PBXBuildFile; fileRef = BE549B9929DD827A0036CEAA /* AuthManager.swift */; };
		BE549B9C29DD82990036CEAA /* APICaller.swift in Sources */ = {isa = PBXBuildFile; fileRef = BE549B9B29DD82990036CEAA /* APICaller.swift */; };
		BE549B9E29DD82EA0036CEAA /* HapticsManager.swift in Sources */ = {isa = PBXBuildFile; fileRef = BE549B9D29DD82EA0036CEAA /* HapticsManager.swift */; };
		BE549BA029DD831A0036CEAA /* Playlist.swift in Sources */ = {isa = PBXBuildFile; fileRef = BE549B9F29DD831A0036CEAA /* Playlist.swift */; };
		BE549BA229DD83320036CEAA /* AudioTrack.swift in Sources */ = {isa = PBXBuildFile; fileRef = BE549BA129DD83320036CEAA /* AudioTrack.swift */; };
		BE549BA429DD834B0036CEAA /* Artist.swift in Sources */ = {isa = PBXBuildFile; fileRef = BE549BA329DD834B0036CEAA /* Artist.swift */; };
		BE549BA629DD835D0036CEAA /* UserProfile.swift in Sources */ = {isa = PBXBuildFile; fileRef = BE549BA529DD835D0036CEAA /* UserProfile.swift */; };
/* End PBXBuildFile section */

/* Begin PBXFileReference section */
		BE549B6329DD7C3A0036CEAA /* SpotifyClone.app */ = {isa = PBXFileReference; explicitFileType = wrapper.application; includeInIndex = 0; path = SpotifyClone.app; sourceTree = BUILT_PRODUCTS_DIR; };
		BE549B6629DD7C3A0036CEAA /* AppDelegate.swift */ = {isa = PBXFileReference; lastKnownFileType = sourcecode.swift; path = AppDelegate.swift; sourceTree = "<group>"; };
		BE549B6829DD7C3A0036CEAA /* SceneDelegate.swift */ = {isa = PBXFileReference; lastKnownFileType = sourcecode.swift; path = SceneDelegate.swift; sourceTree = "<group>"; };
		BE549B6A29DD7C3A0036CEAA /* HomeViewController.swift */ = {isa = PBXFileReference; lastKnownFileType = sourcecode.swift; path = HomeViewController.swift; sourceTree = "<group>"; };
		BE549B6F29DD7C3D0036CEAA /* Assets.xcassets */ = {isa = PBXFileReference; lastKnownFileType = folder.assetcatalog; path = Assets.xcassets; sourceTree = "<group>"; };
		BE549B7229DD7C3D0036CEAA /* Base */ = {isa = PBXFileReference; lastKnownFileType = file.storyboard; name = Base; path = Base.lproj/LaunchScreen.storyboard; sourceTree = "<group>"; };
		BE549B7429DD7C3D0036CEAA /* Info.plist */ = {isa = PBXFileReference; lastKnownFileType = text.plist.xml; path = Info.plist; sourceTree = "<group>"; };
		BE549B8229DD7FEF0036CEAA /* TabBarViewController.swift */ = {isa = PBXFileReference; lastKnownFileType = sourcecode.swift; path = TabBarViewController.swift; sourceTree = "<group>"; };
		BE549B8429DD80190036CEAA /* SearchViewController.swift */ = {isa = PBXFileReference; lastKnownFileType = sourcecode.swift; path = SearchViewController.swift; sourceTree = "<group>"; };
		BE549B8629DD80490036CEAA /* LibraryViewController.swift */ = {isa = PBXFileReference; lastKnownFileType = sourcecode.swift; path = LibraryViewController.swift; sourceTree = "<group>"; };
		BE549B8B29DD80DF0036CEAA /* WelcomeViewController.swift */ = {isa = PBXFileReference; lastKnownFileType = sourcecode.swift; path = WelcomeViewController.swift; sourceTree = "<group>"; };
		BE549B8D29DD81380036CEAA /* AuthViewController.swift */ = {isa = PBXFileReference; lastKnownFileType = sourcecode.swift; path = AuthViewController.swift; sourceTree = "<group>"; };
		BE549B8F29DD814E0036CEAA /* SettingsViewController.swift */ = {isa = PBXFileReference; lastKnownFileType = sourcecode.swift; path = SettingsViewController.swift; sourceTree = "<group>"; };
		BE549B9129DD817A0036CEAA /* ProfileViewController.swift */ = {isa = PBXFileReference; lastKnownFileType = sourcecode.swift; path = ProfileViewController.swift; sourceTree = "<group>"; };
		BE549B9329DD81940036CEAA /* PlayerViewController.swift */ = {isa = PBXFileReference; lastKnownFileType = sourcecode.swift; path = PlayerViewController.swift; sourceTree = "<group>"; };
		BE549B9529DD81AD0036CEAA /* PlaylistViewController.swift */ = {isa = PBXFileReference; lastKnownFileType = sourcecode.swift; path = PlaylistViewController.swift; sourceTree = "<group>"; };
		BE549B9729DD81CC0036CEAA /* SearchResultsViewController.swift */ = {isa = PBXFileReference; lastKnownFileType = sourcecode.swift; path = SearchResultsViewController.swift; sourceTree = "<group>"; };
		BE549B9929DD827A0036CEAA /* AuthManager.swift */ = {isa = PBXFileReference; lastKnownFileType = sourcecode.swift; path = AuthManager.swift; sourceTree = "<group>"; };
		BE549B9B29DD82990036CEAA /* APICaller.swift */ = {isa = PBXFileReference; lastKnownFileType = sourcecode.swift; path = APICaller.swift; sourceTree = "<group>"; };
		BE549B9D29DD82EA0036CEAA /* HapticsManager.swift */ = {isa = PBXFileReference; lastKnownFileType = sourcecode.swift; path = HapticsManager.swift; sourceTree = "<group>"; };
		BE549B9F29DD831A0036CEAA /* Playlist.swift */ = {isa = PBXFileReference; lastKnownFileType = sourcecode.swift; path = Playlist.swift; sourceTree = "<group>"; };
		BE549BA129DD83320036CEAA /* AudioTrack.swift */ = {isa = PBXFileReference; lastKnownFileType = sourcecode.swift; path = AudioTrack.swift; sourceTree = "<group>"; };
		BE549BA329DD834B0036CEAA /* Artist.swift */ = {isa = PBXFileReference; lastKnownFileType = sourcecode.swift; path = Artist.swift; sourceTree = "<group>"; };
		BE549BA529DD835D0036CEAA /* UserProfile.swift */ = {isa = PBXFileReference; lastKnownFileType = sourcecode.swift; path = UserProfile.swift; sourceTree = "<group>"; };
/* End PBXFileReference section */

/* Begin PBXFrameworksBuildPhase section */
		BE549B6029DD7C3A0036CEAA /* Frameworks */ = {
			isa = PBXFrameworksBuildPhase;
			buildActionMask = 2147483647;
			files = (
			);
			runOnlyForDeploymentPostprocessing = 0;
		};
/* End PBXFrameworksBuildPhase section */

/* Begin PBXGroup section */
		BE549B5A29DD7C3A0036CEAA = {
			isa = PBXGroup;
			children = (
				BE549B6529DD7C3A0036CEAA /* SpotifyClone */,
				BE549B6429DD7C3A0036CEAA /* Products */,
			);
			sourceTree = "<group>";
		};
		BE549B6429DD7C3A0036CEAA /* Products */ = {
			isa = PBXGroup;
			children = (
				BE549B6329DD7C3A0036CEAA /* SpotifyClone.app */,
			);
			name = Products;
			sourceTree = "<group>";
		};
		BE549B6529DD7C3A0036CEAA /* SpotifyClone */ = {
			isa = PBXGroup;
			children = (
				BE549B7F29DD7CC30036CEAA /* Resources */,
				BE549B7E29DD7CB50036CEAA /* Managers */,
				BE549B7D29DD7CA10036CEAA /* ViewModels */,
				BE549B7C29DD7C960036CEAA /* Models */,
				BE549B7B29DD7C800036CEAA /* Views */,
				BE549B7A29DD7C6F0036CEAA /* Controllers */,
				BE549B7429DD7C3D0036CEAA /* Info.plist */,
			);
			path = SpotifyClone;
			sourceTree = "<group>";
		};
		BE549B7A29DD7C6F0036CEAA /* Controllers */ = {
			isa = PBXGroup;
			children = (
				BE549B8A29DD80AE0036CEAA /* Other */,
				BE549B8929DD80820036CEAA /* Core */,
			);
			path = Controllers;
			sourceTree = "<group>";
		};
		BE549B7B29DD7C800036CEAA /* Views */ = {
			isa = PBXGroup;
			children = (
				BE549B7129DD7C3D0036CEAA /* LaunchScreen.storyboard */,
			);
			path = Views;
			sourceTree = "<group>";
		};
		BE549B7C29DD7C960036CEAA /* Models */ = {
			isa = PBXGroup;
			children = (
				BE549B9F29DD831A0036CEAA /* Playlist.swift */,
				BE549BA129DD83320036CEAA /* AudioTrack.swift */,
				BE549BA329DD834B0036CEAA /* Artist.swift */,
				BE549BA529DD835D0036CEAA /* UserProfile.swift */,
			);
			path = Models;
			sourceTree = "<group>";
		};
		BE549B7D29DD7CA10036CEAA /* ViewModels */ = {
			isa = PBXGroup;
			children = (
			);
			path = ViewModels;
			sourceTree = "<group>";
		};
		BE549B7E29DD7CB50036CEAA /* Managers */ = {
			isa = PBXGroup;
			children = (
				BE549B9929DD827A0036CEAA /* AuthManager.swift */,
				BE549B9B29DD82990036CEAA /* APICaller.swift */,
				BE549B9D29DD82EA0036CEAA /* HapticsManager.swift */,
			);
			path = Managers;
			sourceTree = "<group>";
		};
		BE549B7F29DD7CC30036CEAA /* Resources */ = {
			isa = PBXGroup;
			children = (
				BE549B6F29DD7C3D0036CEAA /* Assets.xcassets */,
				BE549B6629DD7C3A0036CEAA /* AppDelegate.swift */,
				BE549B6829DD7C3A0036CEAA /* SceneDelegate.swift */,
			);
			path = Resources;
			sourceTree = "<group>";
		};
		BE549B8929DD80820036CEAA /* Core */ = {
			isa = PBXGroup;
			children = (
				BE549B8229DD7FEF0036CEAA /* TabBarViewController.swift */,
				BE549B6A29DD7C3A0036CEAA /* HomeViewController.swift */,
				BE549B8429DD80190036CEAA /* SearchViewController.swift */,
				BE549B8629DD80490036CEAA /* LibraryViewController.swift */,
			);
			path = Core;
			sourceTree = "<group>";
		};
		BE549B8A29DD80AE0036CEAA /* Other */ = {
			isa = PBXGroup;
			children = (
				BE549B8B29DD80DF0036CEAA /* WelcomeViewController.swift */,
				BE549B8D29DD81380036CEAA /* AuthViewController.swift */,
				BE549B8F29DD814E0036CEAA /* SettingsViewController.swift */,
				BE549B9129DD817A0036CEAA /* ProfileViewController.swift */,
				BE549B9329DD81940036CEAA /* PlayerViewController.swift */,
				BE549B9529DD81AD0036CEAA /* PlaylistViewController.swift */,
				BE549B9729DD81CC0036CEAA /* SearchResultsViewController.swift */,
			);
			path = Other;
			sourceTree = "<group>";
		};
/* End PBXGroup section */

/* Begin PBXNativeTarget section */
		BE549B6229DD7C3A0036CEAA /* SpotifyClone */ = {
			isa = PBXNativeTarget;
			buildConfigurationList = BE549B7729DD7C3D0036CEAA /* Build configuration list for PBXNativeTarget "SpotifyClone" */;
			buildPhases = (
				BE549B5F29DD7C3A0036CEAA /* Sources */,
				BE549B6029DD7C3A0036CEAA /* Frameworks */,
				BE549B6129DD7C3A0036CEAA /* Resources */,
			);
			buildRules = (
			);
			dependencies = (
			);
			name = SpotifyClone;
			productName = SpotifyClone;
			productReference = BE549B6329DD7C3A0036CEAA /* SpotifyClone.app */;
			productType = "com.apple.product-type.application";
		};
/* End PBXNativeTarget section */

/* Begin PBXProject section */
		BE549B5B29DD7C3A0036CEAA /* Project object */ = {
			isa = PBXProject;
			attributes = {
				BuildIndependentTargetsInParallel = 1;
				LastSwiftUpdateCheck = 1420;
				LastUpgradeCheck = 1420;
				TargetAttributes = {
					BE549B6229DD7C3A0036CEAA = {
						CreatedOnToolsVersion = 14.2;
					};
				};
			};
			buildConfigurationList = BE549B5E29DD7C3A0036CEAA /* Build configuration list for PBXProject "SpotifyClone" */;
			compatibilityVersion = "Xcode 14.0";
			developmentRegion = en;
			hasScannedForEncodings = 0;
			knownRegions = (
				en,
				Base,
			);
			mainGroup = BE549B5A29DD7C3A0036CEAA;
			productRefGroup = BE549B6429DD7C3A0036CEAA /* Products */;
			projectDirPath = "";
			projectRoot = "";
			targets = (
				BE549B6229DD7C3A0036CEAA /* SpotifyClone */,
			);
		};
/* End PBXProject section */

/* Begin PBXResourcesBuildPhase section */
		BE549B6129DD7C3A0036CEAA /* Resources */ = {
			isa = PBXResourcesBuildPhase;
			buildActionMask = 2147483647;
			files = (
				BE549B7329DD7C3D0036CEAA /* LaunchScreen.storyboard in Resources */,
				BE549B7029DD7C3D0036CEAA /* Assets.xcassets in Resources */,
			);
			runOnlyForDeploymentPostprocessing = 0;
		};
/* End PBXResourcesBuildPhase section */

/* Begin PBXSourcesBuildPhase section */
		BE549B5F29DD7C3A0036CEAA /* Sources */ = {
			isa = PBXSourcesBuildPhase;
			buildActionMask = 2147483647;
			files = (
				BE549B8529DD80190036CEAA /* SearchViewController.swift in Sources */,
				BE549BA029DD831A0036CEAA /* Playlist.swift in Sources */,
				BE549B9A29DD827A0036CEAA /* AuthManager.swift in Sources */,
				BE549B9829DD81CC0036CEAA /* SearchResultsViewController.swift in Sources */,
				BE549B8329DD7FEF0036CEAA /* TabBarViewController.swift in Sources */,
				BE549B9229DD817A0036CEAA /* ProfileViewController.swift in Sources */,
				BE549B6B29DD7C3A0036CEAA /* HomeViewController.swift in Sources */,
				BE549B9E29DD82EA0036CEAA /* HapticsManager.swift in Sources */,
				BE549BA229DD83320036CEAA /* AudioTrack.swift in Sources */,
				BE549B6729DD7C3A0036CEAA /* AppDelegate.swift in Sources */,
				BE549B8E29DD81380036CEAA /* AuthViewController.swift in Sources */,
				BE549B8729DD80490036CEAA /* LibraryViewController.swift in Sources */,
				BE549BA629DD835D0036CEAA /* UserProfile.swift in Sources */,
				BE549B6929DD7C3A0036CEAA /* SceneDelegate.swift in Sources */,
				BE549BA429DD834B0036CEAA /* Artist.swift in Sources */,
				BE549B9629DD81AD0036CEAA /* PlaylistViewController.swift in Sources */,
				BE549B8C29DD80DF0036CEAA /* WelcomeViewController.swift in Sources */,
				BE549B9429DD81940036CEAA /* PlayerViewController.swift in Sources */,
				BE549B9C29DD82990036CEAA /* APICaller.swift in Sources */,
				BE549B9029DD814E0036CEAA /* SettingsViewController.swift in Sources */,
			);
			runOnlyForDeploymentPostprocessing = 0;
		};
/* End PBXSourcesBuildPhase section */

/* Begin PBXVariantGroup section */
		BE549B7129DD7C3D0036CEAA /* LaunchScreen.storyboard */ = {
			isa = PBXVariantGroup;
			children = (
				BE549B7229DD7C3D0036CEAA /* Base */,
			);
			name = LaunchScreen.storyboard;
			sourceTree = "<group>";
		};
/* End PBXVariantGroup section */

/* Begin XCBuildConfiguration section */
		BE549B7529DD7C3D0036CEAA /* Debug */ = {
			isa = XCBuildConfiguration;
			buildSettings = {
				ALWAYS_SEARCH_USER_PATHS = NO;
				CLANG_ANALYZER_NONNULL = YES;
				CLANG_ANALYZER_NUMBER_OBJECT_CONVERSION = YES_AGGRESSIVE;
				CLANG_CXX_LANGUAGE_STANDARD = "gnu++20";
				CLANG_ENABLE_MODULES = YES;
				CLANG_ENABLE_OBJC_ARC = YES;
				CLANG_ENABLE_OBJC_WEAK = YES;
				CLANG_WARN_BLOCK_CAPTURE_AUTORELEASING = YES;
				CLANG_WARN_BOOL_CONVERSION = YES;
				CLANG_WARN_COMMA = YES;
				CLANG_WARN_CONSTANT_CONVERSION = YES;
				CLANG_WARN_DEPRECATED_OBJC_IMPLEMENTATIONS = YES;
				CLANG_WARN_DIRECT_OBJC_ISA_USAGE = YES_ERROR;
				CLANG_WARN_DOCUMENTATION_COMMENTS = YES;
				CLANG_WARN_EMPTY_BODY = YES;
				CLANG_WARN_ENUM_CONVERSION = YES;
				CLANG_WARN_INFINITE_RECURSION = YES;
				CLANG_WARN_INT_CONVERSION = YES;
				CLANG_WARN_NON_LITERAL_NULL_CONVERSION = YES;
				CLANG_WARN_OBJC_IMPLICIT_RETAIN_SELF = YES;
				CLANG_WARN_OBJC_LITERAL_CONVERSION = YES;
				CLANG_WARN_OBJC_ROOT_CLASS = YES_ERROR;
				CLANG_WARN_QUOTED_INCLUDE_IN_FRAMEWORK_HEADER = YES;
				CLANG_WARN_RANGE_LOOP_ANALYSIS = YES;
				CLANG_WARN_STRICT_PROTOTYPES = YES;
				CLANG_WARN_SUSPICIOUS_MOVE = YES;
				CLANG_WARN_UNGUARDED_AVAILABILITY = YES_AGGRESSIVE;
				CLANG_WARN_UNREACHABLE_CODE = YES;
				CLANG_WARN__DUPLICATE_METHOD_MATCH = YES;
				COPY_PHASE_STRIP = NO;
				DEBUG_INFORMATION_FORMAT = dwarf;
				ENABLE_STRICT_OBJC_MSGSEND = YES;
				ENABLE_TESTABILITY = YES;
				GCC_C_LANGUAGE_STANDARD = gnu11;
				GCC_DYNAMIC_NO_PIC = NO;
				GCC_NO_COMMON_BLOCKS = YES;
				GCC_OPTIMIZATION_LEVEL = 0;
				GCC_PREPROCESSOR_DEFINITIONS = (
					"DEBUG=1",
					"$(inherited)",
				);
				GCC_WARN_64_TO_32_BIT_CONVERSION = YES;
				GCC_WARN_ABOUT_RETURN_TYPE = YES_ERROR;
				GCC_WARN_UNDECLARED_SELECTOR = YES;
				GCC_WARN_UNINITIALIZED_AUTOS = YES_AGGRESSIVE;
				GCC_WARN_UNUSED_FUNCTION = YES;
				GCC_WARN_UNUSED_VARIABLE = YES;
				IPHONEOS_DEPLOYMENT_TARGET = 16.2;
				MTL_ENABLE_DEBUG_INFO = INCLUDE_SOURCE;
				MTL_FAST_MATH = YES;
				ONLY_ACTIVE_ARCH = YES;
				SDKROOT = iphoneos;
				SWIFT_ACTIVE_COMPILATION_CONDITIONS = DEBUG;
				SWIFT_OPTIMIZATION_LEVEL = "-Onone";
			};
			name = Debug;
		};
		BE549B7629DD7C3D0036CEAA /* Release */ = {
			isa = XCBuildConfiguration;
			buildSettings = {
				ALWAYS_SEARCH_USER_PATHS = NO;
				CLANG_ANALYZER_NONNULL = YES;
				CLANG_ANALYZER_NUMBER_OBJECT_CONVERSION = YES_AGGRESSIVE;
				CLANG_CXX_LANGUAGE_STANDARD = "gnu++20";
				CLANG_ENABLE_MODULES = YES;
				CLANG_ENABLE_OBJC_ARC = YES;
				CLANG_ENABLE_OBJC_WEAK = YES;
				CLANG_WARN_BLOCK_CAPTURE_AUTORELEASING = YES;
				CLANG_WARN_BOOL_CONVERSION = YES;
				CLANG_WARN_COMMA = YES;
				CLANG_WARN_CONSTANT_CONVERSION = YES;
				CLANG_WARN_DEPRECATED_OBJC_IMPLEMENTATIONS = YES;
				CLANG_WARN_DIRECT_OBJC_ISA_USAGE = YES_ERROR;
				CLANG_WARN_DOCUMENTATION_COMMENTS = YES;
				CLANG_WARN_EMPTY_BODY = YES;
				CLANG_WARN_ENUM_CONVERSION = YES;
				CLANG_WARN_INFINITE_RECURSION = YES;
				CLANG_WARN_INT_CONVERSION = YES;
				CLANG_WARN_NON_LITERAL_NULL_CONVERSION = YES;
				CLANG_WARN_OBJC_IMPLICIT_RETAIN_SELF = YES;
				CLANG_WARN_OBJC_LITERAL_CONVERSION = YES;
				CLANG_WARN_OBJC_ROOT_CLASS = YES_ERROR;
				CLANG_WARN_QUOTED_INCLUDE_IN_FRAMEWORK_HEADER = YES;
				CLANG_WARN_RANGE_LOOP_ANALYSIS = YES;
				CLANG_WARN_STRICT_PROTOTYPES = YES;
				CLANG_WARN_SUSPICIOUS_MOVE = YES;
				CLANG_WARN_UNGUARDED_AVAILABILITY = YES_AGGRESSIVE;
				CLANG_WARN_UNREACHABLE_CODE = YES;
				CLANG_WARN__DUPLICATE_METHOD_MATCH = YES;
				COPY_PHASE_STRIP = NO;
				DEBUG_INFORMATION_FORMAT = "dwarf-with-dsym";
				ENABLE_NS_ASSERTIONS = NO;
				ENABLE_STRICT_OBJC_MSGSEND = YES;
				GCC_C_LANGUAGE_STANDARD = gnu11;
				GCC_NO_COMMON_BLOCKS = YES;
				GCC_WARN_64_TO_32_BIT_CONVERSION = YES;
				GCC_WARN_ABOUT_RETURN_TYPE = YES_ERROR;
				GCC_WARN_UNDECLARED_SELECTOR = YES;
				GCC_WARN_UNINITIALIZED_AUTOS = YES_AGGRESSIVE;
				GCC_WARN_UNUSED_FUNCTION = YES;
				GCC_WARN_UNUSED_VARIABLE = YES;
				IPHONEOS_DEPLOYMENT_TARGET = 16.2;
				MTL_ENABLE_DEBUG_INFO = NO;
				MTL_FAST_MATH = YES;
				SDKROOT = iphoneos;
				SWIFT_COMPILATION_MODE = wholemodule;
				SWIFT_OPTIMIZATION_LEVEL = "-O";
				VALIDATE_PRODUCT = YES;
			};
			name = Release;
		};
		BE549B7829DD7C3D0036CEAA /* Debug */ = {
			isa = XCBuildConfiguration;
			buildSettings = {
				ASSETCATALOG_COMPILER_APPICON_NAME = AppIcon;
				ASSETCATALOG_COMPILER_GLOBAL_ACCENT_COLOR_NAME = AccentColor;
				CODE_SIGN_STYLE = Automatic;
				CURRENT_PROJECT_VERSION = 1;
				DEVELOPMENT_TEAM = K82JX78JRB;
				GENERATE_INFOPLIST_FILE = YES;
				INFOPLIST_FILE = SpotifyClone/Info.plist;
				INFOPLIST_KEY_UIApplicationSupportsIndirectInputEvents = YES;
				INFOPLIST_KEY_UILaunchStoryboardName = LaunchScreen;
				INFOPLIST_KEY_UIMainStoryboardFile = Main;
				INFOPLIST_KEY_UISupportedInterfaceOrientations_iPad = "UIInterfaceOrientationPortrait UIInterfaceOrientationPortraitUpsideDown UIInterfaceOrientationLandscapeLeft UIInterfaceOrientationLandscapeRight";
				INFOPLIST_KEY_UISupportedInterfaceOrientations_iPhone = "UIInterfaceOrientationPortrait UIInterfaceOrientationLandscapeLeft UIInterfaceOrientationLandscapeRight";
				LD_RUNPATH_SEARCH_PATHS = (
					"$(inherited)",
					"@executable_path/Frameworks",
				);
				MARKETING_VERSION = 1.0;
				PRODUCT_BUNDLE_IDENTIFIER = kardesseven.SpotifyClone;
				PRODUCT_NAME = "$(TARGET_NAME)";
				SWIFT_EMIT_LOC_STRINGS = YES;
				SWIFT_VERSION = 5.0;
				TARGETED_DEVICE_FAMILY = "1,2";
			};
			name = Debug;
		};
		BE549B7929DD7C3D0036CEAA /* Release */ = {
			isa = XCBuildConfiguration;
			buildSettings = {
				ASSETCATALOG_COMPILER_APPICON_NAME = AppIcon;
				ASSETCATALOG_COMPILER_GLOBAL_ACCENT_COLOR_NAME = AccentColor;
				CODE_SIGN_STYLE = Automatic;
				CURRENT_PROJECT_VERSION = 1;
				DEVELOPMENT_TEAM = K82JX78JRB;
				GENERATE_INFOPLIST_FILE = YES;
				INFOPLIST_FILE = SpotifyClone/Info.plist;
				INFOPLIST_KEY_UIApplicationSupportsIndirectInputEvents = YES;
				INFOPLIST_KEY_UILaunchStoryboardName = LaunchScreen;
				INFOPLIST_KEY_UIMainStoryboardFile = Main;
				INFOPLIST_KEY_UISupportedInterfaceOrientations_iPad = "UIInterfaceOrientationPortrait UIInterfaceOrientationPortraitUpsideDown UIInterfaceOrientationLandscapeLeft UIInterfaceOrientationLandscapeRight";
				INFOPLIST_KEY_UISupportedInterfaceOrientations_iPhone = "UIInterfaceOrientationPortrait UIInterfaceOrientationLandscapeLeft UIInterfaceOrientationLandscapeRight";
				LD_RUNPATH_SEARCH_PATHS = (
					"$(inherited)",
					"@executable_path/Frameworks",
				);
				MARKETING_VERSION = 1.0;
				PRODUCT_BUNDLE_IDENTIFIER = kardesseven.SpotifyClone;
				PRODUCT_NAME = "$(TARGET_NAME)";
				SWIFT_EMIT_LOC_STRINGS = YES;
				SWIFT_VERSION = 5.0;
				TARGETED_DEVICE_FAMILY = "1,2";
			};
			name = Release;
		};
/* End XCBuildConfiguration section */

/* Begin XCConfigurationList section */
		BE549B5E29DD7C3A0036CEAA /* Build configuration list for PBXProject "SpotifyClone" */ = {
			isa = XCConfigurationList;
			buildConfigurations = (
				BE549B7529DD7C3D0036CEAA /* Debug */,
				BE549B7629DD7C3D0036CEAA /* Release */,
			);
			defaultConfigurationIsVisible = 0;
			defaultConfigurationName = Release;
		};
		BE549B7729DD7C3D0036CEAA /* Build configuration list for PBXNativeTarget "SpotifyClone" */ = {
			isa = XCConfigurationList;
			buildConfigurations = (
				BE549B7829DD7C3D0036CEAA /* Debug */,
				BE549B7929DD7C3D0036CEAA /* Release */,
			);
			defaultConfigurationIsVisible = 0;
			defaultConfigurationName = Release;
		};
/* End XCConfigurationList section */
	};
	rootObject = BE549B5B29DD7C3A0036CEAA /* Project object */;
}
